{
  "version": 4,
  "terraform_version": "1.5.7",
  "serial": 7,
  "lineage": "eec1739f-70ef-a505-2a77-6afe50626eb2",
  "outputs": {},
  "resources": [
    {
      "mode": "managed",
      "type": "azurerm_resource_group",
      "name": "rg",
      "provider": "provider[\"registry.terraform.io/hashicorp/azurerm\"]",
      "instances": [
        {
          "schema_version": 0,
          "attributes": {
            "id": "/subscriptions/cdecfa4c-41a5-410c-bcc2-edfa6bac7d3a/resourceGroups/prod-rg",
            "location": "centralindia",
            "managed_by": "",
            "name": "prod-rg",
            "tags": null,
            "timeouts": null
          },
          "sensitive_attributes": [],
          "private": "eyJlMmJmYjczMC1lY2FhLTExZTYtOGY4OC0zNDM2M2JjN2M0YzAiOnsiY3JlYXRlIjo1NDAwMDAwMDAwMDAwLCJkZWxldGUiOjU0MDAwMDAwMDAwMDAsInJlYWQiOjMwMDAwMDAwMDAwMCwidXBkYXRlIjo1NDAwMDAwMDAwMDAwfX0="
        }
      ]
    },
    {
      "module": "module.network",
      "mode": "managed",
      "type": "azurerm_subnet",
      "name": "subnet",
      "provider": "provider[\"registry.terraform.io/hashicorp/azurerm\"]",
      "instances": [
        {
          "schema_version": 0,
          "attributes": {
            "address_prefixes": [
              "10.0.1.0/24"
            ],
            "default_outbound_access_enabled": true,
            "delegation": [],
            "id": "/subscriptions/cdecfa4c-41a5-410c-bcc2-edfa6bac7d3a/resourceGroups/prod-rg/providers/Microsoft.Network/virtualNetworks/prod-vnet/subnets/prod-subnet",
            "ip_address_pool": [],
            "name": "prod-subnet",
            "private_endpoint_network_policies": "Disabled",
            "private_link_service_network_policies_enabled": true,
            "resource_group_name": "prod-rg",
            "service_endpoint_policy_ids": null,
            "service_endpoints": null,
            "sharing_scope": "",
            "timeouts": null,
            "virtual_network_name": "prod-vnet"
          },
          "sensitive_attributes": [],
          "private": "eyJlMmJmYjczMC1lY2FhLTExZTYtOGY4OC0zNDM2M2JjN2M0YzAiOnsiY3JlYXRlIjoxODAwMDAwMDAwMDAwLCJkZWxldGUiOjE4MDAwMDAwMDAwMDAsInJlYWQiOjMwMDAwMDAwMDAwMCwidXBkYXRlIjoxODAwMDAwMDAwMDAwfX0=",
          "dependencies": [
            "azurerm_resource_group.rg",
            "module.network.azurerm_virtual_network.vnet"
          ]
        }
      ]
    },
    {
      "module": "module.network",
      "mode": "managed",
      "type": "azurerm_virtual_network",
      "name": "vnet",
      "provider": "provider[\"registry.terraform.io/hashicorp/azurerm\"]",
      "instances": [
        {
          "schema_version": 0,
          "attributes": {
            "address_space": [
              "10.0.0.0/16"
            ],
            "bgp_community": "",
            "ddos_protection_plan": [],
            "dns_servers": [],
            "edge_zone": "",
            "encryption": [],
            "flow_timeout_in_minutes": 0,
            "guid": "9e1ef4e9-75e5-4f49-8404-549a5fcec03e",
            "id": "/subscriptions/cdecfa4c-41a5-410c-bcc2-edfa6bac7d3a/resourceGroups/prod-rg/providers/Microsoft.Network/virtualNetworks/prod-vnet",
            "ip_address_pool": [],
            "location": "centralindia",
            "name": "prod-vnet",
            "private_endpoint_vnet_policies": "Disabled",
            "resource_group_name": "prod-rg",
            "subnet": [],
            "tags": null,
            "timeouts": null
          },
          "sensitive_attributes": [],
          "private": "eyJlMmJmYjczMC1lY2FhLTExZTYtOGY4OC0zNDM2M2JjN2M0YzAiOnsiY3JlYXRlIjoxODAwMDAwMDAwMDAwLCJkZWxldGUiOjE4MDAwMDAwMDAwMDAsInJlYWQiOjMwMDAwMDAwMDAwMCwidXBkYXRlIjoxODAwMDAwMDAwMDAwfX0=",
          "dependencies": [
            "azurerm_resource_group.rg"
          ]
        }
      ]
    },
    {
      "module": "module.vm",
      "mode": "managed",
      "type": "azurerm_linux_virtual_machine",
      "name": "vm",
      "provider": "provider[\"registry.terraform.io/hashicorp/azurerm\"]",
      "instances": [
        {
          "schema_version": 0,
          "attributes": {
            "additional_capabilities": [],
            "admin_password": null,
            "admin_ssh_key": [
              {
                "public_key": "ssh-rsa AAAAB3NzaC1yc2EAAAADAQABAAACAQDCVswtpNWC9/7y/RBaWnsbUmgDNZrmeQAtJtQB40bc/dXaTJdnirRXlTUclWcuaualGT3TNBzdKUHvEQgwsRtjpT+ijBWbQHu8dOAbD06SzzJ5OGHxCSBHFRPJ8VO+cVC4snhsG17xW+vDQzvPvDOPU0TZRULfQ37XGAfNb84i4JpwbI6Z4gkjhmUTodCoA1S8dl897p//rNzTfJI1FwGZ189W0UyIkQXwrlt2SFEYQyEf30na+pvvBH6xFSzQvBbXxJtVgQiAFaWTIv1QhlRc4uU9kiuoEnM26Ra0OfHZPh8jPzil6DmGRibCEw9/5JJDaeeKyjxrvQir9DE/SRuoDj4juDpuzINSanIOIKQgbcm4QOT++tAVUnz333E/OOQSLM8TFrTwX01Irn0dk8SVTwZq/WMeNX7Z8TyKgaahPfeBHfeIwB3jxVR76RiRfj7efqGqhYdPsQxG6wuWnbdiUVw+VlvAKN7K4Yc6L7sAPflYtB4GZd8Qm5skB8pgxIlLRuz5CLWBgroYy7XZ7stPeHzcTnYZBjaGQYfqjXr6zInuHwqEMNngfYezSEnym7YvdboVhBfppteqizIhaheshxcavAn+4M3p24QayQsqNWz6fDYjBqav9CW9K6eeEAaJzrYNchmsd4TyauF5jXhzCtApVybJN5SvSiJvGiaQoQ== nuage@NBTL-FCMHJY3\n",
                "username": "azureuser"
              }
            ],
            "admin_username": "azureuser",
            "allow_extension_operations": true,
            "availability_set_id": "",
            "boot_diagnostics": [],
            "bypass_platform_safety_checks_on_user_schedule_enabled": false,
            "capacity_reservation_group_id": "",
            "computer_name": "prod-vm",
            "custom_data": null,
            "dedicated_host_group_id": "",
            "dedicated_host_id": "",
            "disable_password_authentication": true,
            "disk_controller_type": "",
            "edge_zone": "",
            "encryption_at_host_enabled": false,
            "eviction_policy": "",
            "extensions_time_budget": "PT1H30M",
            "gallery_application": [],
            "id": "/subscriptions/cdecfa4c-41a5-410c-bcc2-edfa6bac7d3a/resourceGroups/prod-rg/providers/Microsoft.Compute/virtualMachines/prod-vm",
            "identity": [],
            "license_type": "",
            "location": "centralindia",
            "max_bid_price": -1,
            "name": "prod-vm",
            "network_interface_ids": [
              "/subscriptions/cdecfa4c-41a5-410c-bcc2-edfa6bac7d3a/resourceGroups/prod-rg/providers/Microsoft.Network/networkInterfaces/prod-vm-nic"
            ],
            "os_disk": [
              {
                "caching": "ReadWrite",
                "diff_disk_settings": [],
                "disk_encryption_set_id": "",
                "disk_size_gb": 30,
                "id": "/subscriptions/cdecfa4c-41a5-410c-bcc2-edfa6bac7d3a/resourceGroups/prod-rg/providers/Microsoft.Compute/disks/prod-vm_disk1_2b627d2dffa04a1ea7cac330d35545ec",
                "name": "prod-vm_disk1_2b627d2dffa04a1ea7cac330d35545ec",
                "secure_vm_disk_encryption_set_id": "",
                "security_encryption_type": "",
                "storage_account_type": "Standard_LRS",
                "write_accelerator_enabled": false
              }
            ],
            "os_image_notification": [],
            "os_managed_disk_id": "/subscriptions/cdecfa4c-41a5-410c-bcc2-edfa6bac7d3a/resourceGroups/prod-rg/providers/Microsoft.Compute/disks/prod-vm_disk1_2b627d2dffa04a1ea7cac330d35545ec",
            "patch_assessment_mode": "ImageDefault",
            "patch_mode": "ImageDefault",
            "plan": [],
            "platform_fault_domain": -1,
            "priority": "Regular",
            "private_ip_address": "10.0.1.4",
            "private_ip_addresses": [
              "10.0.1.4"
            ],
            "provision_vm_agent": true,
            "proximity_placement_group_id": "",
            "public_ip_address": "4.213.16.124",
            "public_ip_addresses": [
              "4.213.16.124"
            ],
            "reboot_setting": "",
            "resource_group_name": "prod-rg",
            "secret": [],
            "secure_boot_enabled": false,
            "size": "Standard_B1s",
            "source_image_id": "",
            "source_image_reference": [
              {
                "offer": "0001-com-ubuntu-server-jammy",
                "publisher": "Canonical",
                "sku": "22_04-lts",
                "version": "latest"
              }
            ],
            "tags": null,
            "termination_notification": null,
            "timeouts": null,
            "user_data": "",
            "virtual_machine_id": "2720f6e9-5228-4187-8e68-2ee5b7c604a3",
            "virtual_machine_scale_set_id": "",
            "vm_agent_platform_updates_enabled": false,
            "vtpm_enabled": false,
            "zone": ""
          },
          "sensitive_attributes": [],
          "private": "eyJlMmJmYjczMC1lY2FhLTExZTYtOGY4OC0zNDM2M2JjN2M0YzAiOnsiY3JlYXRlIjoyNzAwMDAwMDAwMDAwLCJkZWxldGUiOjI3MDAwMDAwMDAwMDAsInJlYWQiOjMwMDAwMDAwMDAwMCwidXBkYXRlIjoyNzAwMDAwMDAwMDAwfX0=",
          "dependencies": [
            "azurerm_resource_group.rg",
            "module.network.azurerm_subnet.subnet",
            "module.network.azurerm_virtual_network.vnet",
            "module.vm.azurerm_network_interface.nic",
            "module.vm.azurerm_public_ip.pip"
          ]
        }
      ]
    },
    {
      "module": "module.vm",
      "mode": "managed",
      "type": "azurerm_network_interface",
      "name": "nic",
      "provider": "provider[\"registry.terraform.io/hashicorp/azurerm\"]",
      "instances": [
        {
          "schema_version": 0,
          "attributes": {
            "accelerated_networking_enabled": false,
            "applied_dns_servers": [],
            "auxiliary_mode": "",
            "auxiliary_sku": "",
            "dns_servers": null,
            "edge_zone": "",
            "id": "/subscriptions/cdecfa4c-41a5-410c-bcc2-edfa6bac7d3a/resourceGroups/prod-rg/providers/Microsoft.Network/networkInterfaces/prod-vm-nic",
            "internal_dns_name_label": "",
            "internal_domain_name_suffix": "3h0b3hxfoveu5baeksnf5twahg.rx.internal.cloudapp.net",
            "ip_configuration": [
              {
                "gateway_load_balancer_frontend_ip_configuration_id": "",
                "name": "internal",
                "primary": true,
                "private_ip_address": "10.0.1.4",
                "private_ip_address_allocation": "Dynamic",
                "private_ip_address_version": "IPv4",
                "public_ip_address_id": "/subscriptions/cdecfa4c-41a5-410c-bcc2-edfa6bac7d3a/resourceGroups/prod-rg/providers/Microsoft.Network/publicIPAddresses/prod-vm-pip",
                "subnet_id": "/subscriptions/cdecfa4c-41a5-410c-bcc2-edfa6bac7d3a/resourceGroups/prod-rg/providers/Microsoft.Network/virtualNetworks/prod-vnet/subnets/prod-subnet"
              }
            ],
            "ip_forwarding_enabled": false,
            "location": "centralindia",
            "mac_address": "",
            "name": "prod-vm-nic",
            "private_ip_address": "10.0.1.4",
            "private_ip_addresses": [
              "10.0.1.4"
            ],
            "resource_group_name": "prod-rg",
            "tags": null,
            "timeouts": null,
            "virtual_machine_id": ""
          },
          "sensitive_attributes": [],
          "private": "eyJlMmJmYjczMC1lY2FhLTExZTYtOGY4OC0zNDM2M2JjN2M0YzAiOnsiY3JlYXRlIjoxODAwMDAwMDAwMDAwLCJkZWxldGUiOjE4MDAwMDAwMDAwMDAsInJlYWQiOjMwMDAwMDAwMDAwMCwidXBkYXRlIjoxODAwMDAwMDAwMDAwfX0=",
          "dependencies": [
            "azurerm_resource_group.rg",
            "module.network.azurerm_subnet.subnet",
            "module.network.azurerm_virtual_network.vnet",
            "module.vm.azurerm_public_ip.pip"
          ]
        }
      ]
    },
    {
      "module": "module.vm",
      "mode": "managed",
      "type": "azurerm_public_ip",
      "name": "pip",
      "provider": "provider[\"registry.terraform.io/hashicorp/azurerm\"]",
      "instances": [
        {
          "schema_version": 0,
          "attributes": {
            "allocation_method": "Static",
            "ddos_protection_mode": "VirtualNetworkInherited",
            "ddos_protection_plan_id": null,
            "domain_name_label": "",
            "domain_name_label_scope": "",
            "edge_zone": "",
            "fqdn": "",
            "id": "/subscriptions/cdecfa4c-41a5-410c-bcc2-edfa6bac7d3a/resourceGroups/prod-rg/providers/Microsoft.Network/publicIPAddresses/prod-vm-pip",
            "idle_timeout_in_minutes": 4,
            "ip_address": "4.213.16.124",
            "ip_tags": null,
            "ip_version": "IPv4",
            "location": "centralindia",
            "name": "prod-vm-pip",
            "public_ip_prefix_id": null,
            "resource_group_name": "prod-rg",
            "reverse_fqdn": "",
            "sku": "Standard",
            "sku_tier": "Regional",
            "tags": null,
            "timeouts": null,
            "zones": null
          },
          "sensitive_attributes": [],
          "private": "eyJlMmJmYjczMC1lY2FhLTExZTYtOGY4OC0zNDM2M2JjN2M0YzAiOnsiY3JlYXRlIjoxODAwMDAwMDAwMDAwLCJkZWxldGUiOjE4MDAwMDAwMDAwMDAsInJlYWQiOjMwMDAwMDAwMDAwMCwidXBkYXRlIjoxODAwMDAwMDAwMDAwfX0=",
          "dependencies": [
            "azurerm_resource_group.rg"
          ]
        }
      ]
    }
  ],
  "check_results": null
}
